
Microsoft Visual Studio Solution File, Format Version 12.00
# Visual Studio Version 17
VisualStudioVersion = 17.0.0.0
MinimumVisualStudioVersion = 10.0.40219.1
Project("{9A19103F-16F7-4668-BE54-9A1E7A4F7556}") = "ProjectedFSLib.Managed", "ProjectedFSLib.Managed\ProjectedFSLib.Managed.csproj", "{A1B2C3D4-E5F6-7890-ABCD-EF1234567890}"
EndProject
Project("{9A19103F-16F7-4668-BE54-9A1E7A4F7556}") = "ProjectedFSLib.Managed.Test", "ProjectedFSLib.Managed.Test\ProjectedFSLib.Managed.Test.csproj", "{B4018C7F-BF11-47BC-8770-72B05C9437EE}"
EndProject
Project("{9A19103F-16F7-4668-BE54-9A1E7A4F7556}") = "SimpleProviderManaged", "simpleProviderManaged\SimpleProviderManaged.csproj", "{5697F978-E1ED-4C2E-8218-4110F5EA559D}"
EndProject
Project("{2150E333-8FDC-42A3-9474-1A3956D46DE8}") = "Solution Items", "Solution Items", "{028D4D62-E4B9-44F0-A086-921292B7E89B}"
	ProjectSection(SolutionItems) = preProject
		README.md = README.md
	EndProjectSection
EndProject
Project("{2150E333-8FDC-42A3-9474-1A3956D46DE8}") = "Scripts", "Scripts", "{80F77524-CD14-4BD0-A197-8E7D5DD7B6E0}"
	ProjectSection(SolutionItems) = preProject
		scripts\BuildProjFS-Managed.bat = scripts\BuildProjFS-Managed.bat
		scripts\InitializeEnvironment.bat = scripts\InitializeEnvironment.bat
		scripts\NukeBuildOutputs.bat = scripts\NukeBuildOutputs.bat
		scripts\RunTests.bat = scripts\RunTests.bat
		scripts\Pack-NuGet.ps1 = scripts\Pack-NuGet.ps1
	EndProjectSection
EndProject
Global
	GlobalSection(SolutionConfigurationPlatforms) = preSolution
		Debug|Any CPU = Debug|Any CPU
		Release|Any CPU = Release|Any CPU
	EndGlobalSection
	GlobalSection(ProjectConfigurationPlatforms) = postSolution
		{A1B2C3D4-E5F6-7890-ABCD-EF1234567890}.Debug|Any CPU.ActiveCfg = Debug|Any CPU
		{A1B2C3D4-E5F6-7890-ABCD-EF1234567890}.Debug|Any CPU.Build.0 = Debug|Any CPU
		{A1B2C3D4-E5F6-7890-ABCD-EF1234567890}.Release|Any CPU.ActiveCfg = Release|Any CPU
		{A1B2C3D4-E5F6-7890-ABCD-EF1234567890}.Release|Any CPU.Build.0 = Release|Any CPU
		{B4018C7F-BF11-47BC-8770-72B05C9437EE}.Debug|Any CPU.ActiveCfg = Debug|Any CPU
		{B4018C7F-BF11-47BC-8770-72B05C9437EE}.Debug|Any CPU.Build.0 = Debug|Any CPU
		{B4018C7F-BF11-47BC-8770-72B05C9437EE}.Release|Any CPU.ActiveCfg = Release|Any CPU
		{B4018C7F-BF11-47BC-8770-72B05C9437EE}.Release|Any CPU.Build.0 = Release|Any CPU
		{5697F978-E1ED-4C2E-8218-4110F5EA559D}.Debug|Any CPU.ActiveCfg = Debug|Any CPU
		{5697F978-E1ED-4C2E-8218-4110F5EA559D}.Debug|Any CPU.Build.0 = Debug|Any CPU
		{5697F978-E1ED-4C2E-8218-4110F5EA559D}.Release|Any CPU.ActiveCfg = Release|Any CPU
		{5697F978-E1ED-4C2E-8218-4110F5EA559D}.Release|Any CPU.Build.0 = Release|Any CPU
	EndGlobalSection
	GlobalSection(SolutionProperties) = preSolution
		HideSolutionNode = FALSE
	EndGlobalSection
	GlobalSection(ExtensibilityGlobals) = postSolution
		SolutionGuid = {0F3321A2-4572-44F0-B7F3-BD0E79433A1E}
	EndGlobalSection
EndGlobal
